
Microsoft Visual Studio Solution File, Format Version 12.00
# Visual Studio Version 16
VisualStudioVersion = 16.0.32002.261
MinimumVisualStudioVersion = 10.0.40219.1
Project("{8BC9CEB8-8B4A-11D0-8D11-00A0C91BC942}") = "00-intro3", "00-intro3\00-intro3.vcxproj", "{860B6BB9-4A96-4F80-A27F-B956257714AF}"
EndProject
Global
	GlobalSection(SolutionConfigurationPlatforms) = preSolution
		Debug|x64 = Debug|x64
		Debug|x86 = Debug|x86
		Release|x64 = Release|x64
		Release|x86 = Release|x86
	EndGlobalSection
	GlobalSection(ProjectConfigurationPlatforms) = postSolution
		{860B6BB9-4A96-4F80-A27F-B956257714AF}.Debug|x64.ActiveCfg = Debug|x64
		{860B6BB9-4A96-4F80-A27F-B956257714AF}.Debug|x64.Build.0 = Debug|x64
		{860B6BB9-4A96-4F80-A27F-B956257714AF}.Debug|x86.ActiveCfg = Debug|Win32
		{860B6BB9-4A96-4F80-A27F-B956257714AF}.Debug|x86.Build.0 = Debug|Win32
		{860B6BB9-4A96-4F80-A27F-B956257714AF}.Release|x64.ActiveCfg = Release|x64
		{860B6BB9-4A96-4F80-A27F-B956257714AF}.Release|x64.Build.0 = Release|x64
		{860B6BB9-4A96-4F80-A27F-B956257714AF}.Release|x86.ActiveCfg = Release|Win32
		{860B6BB9-4A96-4F80-A27F-B956257714AF}.Release|x86.Build.0 = Release|Win32
	EndGlobalSection
	GlobalSection(SolutionProperties) = preSolution
		HideSolutionNode = FALSE
	EndGlobalSection
	GlobalSection(ExtensibilityGlobals) = postSolution
		SolutionGuid = {AC98402E-EC84-4BF2-A054-B259FA129889}
	EndGlobalSection
EndGlobal
